
Microsoft Visual Studio Solution File, Format Version 12.00
# Visual Studio 15
VisualStudioVersion = 15.0.28010.2026
MinimumVisualStudioVersion = 10.0.40219.1
Project("{FAE04EC0-301F-11D3-BF4B-00C04F79EFBC}") = "RlgProject", "rlgemp\RlgProject.csproj", "{BE7A10F1-88CB-4096-A796-7ADE0A61CE1D}"
EndProject
Global
	GlobalSection(SolutionConfigurationPlatforms) = preSolution
		Debug|Any CPU = Debug|Any CPU
		Release|Any CPU = Release|Any CPU
	EndGlobalSection
	GlobalSection(ProjectConfigurationPlatforms) = postSolution
		{BE7A10F1-88CB-4096-A796-7ADE0A61CE1D}.Debug|Any CPU.ActiveCfg = Debug|Any CPU
		{BE7A10F1-88CB-4096-A796-7ADE0A61CE1D}.Debug|Any CPU.Build.0 = Debug|Any CPU
		{BE7A10F1-88CB-4096-A796-7ADE0A61CE1D}.Release|Any CPU.ActiveCfg = Release|Any CPU
		{BE7A10F1-88CB-4096-A796-7ADE0A61CE1D}.Release|Any CPU.Build.0 = Release|Any CPU
	EndGlobalSection
	GlobalSection(SolutionProperties) = preSolution
		HideSolutionNode = FALSE
	EndGlobalSection
	GlobalSection(ExtensibilityGlobals) = postSolution
		SolutionGuid = {222E7D7C-663F-47F3-A35A-7AD07D13ECD1}
	EndGlobalSection
EndGlobal
